
Microsoft Visual Studio Solution File, Format Version 12.00
# Visual Studio 15
VisualStudioVersion = 15.0.27428.2005
MinimumVisualStudioVersion = 10.0.40219.1
Project("{FAE04EC0-301F-11D3-BF4B-00C04F79EFBC}") = "FileParsingChain", "FileParsingChain\FileParsingChain.csproj", "{9BDFAC4C-6A3F-4820-94A8-534F32B3DAAB}"
EndProject
Project("{FAE04EC0-301F-11D3-BF4B-00C04F79EFBC}") = "FileParsingChainTests", "FileParsingChainTests\FileParsingChainTests.csproj", "{C16B5542-1764-400D-953D-BE6DA462F34E}"
EndProject
Global
	GlobalSection(SolutionConfigurationPlatforms) = preSolution
		Debug|Any CPU = Debug|Any CPU
		Release|Any CPU = Release|Any CPU
	EndGlobalSection
	GlobalSection(ProjectConfigurationPlatforms) = postSolution
		{9BDFAC4C-6A3F-4820-94A8-534F32B3DAAB}.Debug|Any CPU.ActiveCfg = Debug|Any CPU
		{9BDFAC4C-6A3F-4820-94A8-534F32B3DAAB}.Debug|Any CPU.Build.0 = Debug|Any CPU
		{9BDFAC4C-6A3F-4820-94A8-534F32B3DAAB}.Release|Any CPU.ActiveCfg = Release|Any CPU
		{9BDFAC4C-6A3F-4820-94A8-534F32B3DAAB}.Release|Any CPU.Build.0 = Release|Any CPU
		{C16B5542-1764-400D-953D-BE6DA462F34E}.Debug|Any CPU.ActiveCfg = Debug|Any CPU
		{C16B5542-1764-400D-953D-BE6DA462F34E}.Debug|Any CPU.Build.0 = Debug|Any CPU
		{C16B5542-1764-400D-953D-BE6DA462F34E}.Release|Any CPU.ActiveCfg = Release|Any CPU
		{C16B5542-1764-400D-953D-BE6DA462F34E}.Release|Any CPU.Build.0 = Release|Any CPU
	EndGlobalSection
	GlobalSection(SolutionProperties) = preSolution
		HideSolutionNode = FALSE
	EndGlobalSection
	GlobalSection(ExtensibilityGlobals) = postSolution
		SolutionGuid = {DD589608-3457-493C-B382-F2493761F0C8}
	EndGlobalSection
EndGlobal
